
Microsoft Visual Studio Solution File, Format Version 12.00
# Visual Studio Version 17
VisualStudioVersion = 17.1.32414.318
MinimumVisualStudioVersion = 10.0.40219.1
Project("{FAE04EC0-301F-11D3-BF4B-00C04F79EFBC}") = "testWebApp", "testWebApp\testWebApp.csproj", "{F50779A4-79C5-4B3C-ABBC-2EE18CE8AF44}"
EndProject
Global
	GlobalSection(SolutionConfigurationPlatforms) = preSolution
		Debug|Any CPU = Debug|Any CPU
		Release|Any CPU = Release|Any CPU
	EndGlobalSection
	GlobalSection(ProjectConfigurationPlatforms) = postSolution
		{F50779A4-79C5-4B3C-ABBC-2EE18CE8AF44}.Debug|Any CPU.ActiveCfg = Debug|Any CPU
		{F50779A4-79C5-4B3C-ABBC-2EE18CE8AF44}.Debug|Any CPU.Build.0 = Debug|Any CPU
		{F50779A4-79C5-4B3C-ABBC-2EE18CE8AF44}.Release|Any CPU.ActiveCfg = Release|Any CPU
		{F50779A4-79C5-4B3C-ABBC-2EE18CE8AF44}.Release|Any CPU.Build.0 = Release|Any CPU
	EndGlobalSection
	GlobalSection(SolutionProperties) = preSolution
		HideSolutionNode = FALSE
	EndGlobalSection
	GlobalSection(ExtensibilityGlobals) = postSolution
		SolutionGuid = {AAA231C9-7F45-44FA-A1E9-C9B2CD430086}
	EndGlobalSection
EndGlobal
